
Microsoft Visual Studio Solution File, Format Version 12.00
# Visual Studio Version 17
VisualStudioVersion = 17.7.34003.232
MinimumVisualStudioVersion = 10.0.40219.1
Project("{FAE04EC0-301F-11D3-BF4B-00C04F79EFBC}") = "stacks_Jakob_Cook", "stacks_Jakob_Cook\stacks_Jakob_Cook.csproj", "{6B7FC38D-E99C-4145-B927-CCCFA8942703}"
EndProject
Global
	GlobalSection(SolutionConfigurationPlatforms) = preSolution
		Debug|Any CPU = Debug|Any CPU
		Release|Any CPU = Release|Any CPU
	EndGlobalSection
	GlobalSection(ProjectConfigurationPlatforms) = postSolution
		{6B7FC38D-E99C-4145-B927-CCCFA8942703}.Debug|Any CPU.ActiveCfg = Debug|Any CPU
		{6B7FC38D-E99C-4145-B927-CCCFA8942703}.Debug|Any CPU.Build.0 = Debug|Any CPU
		{6B7FC38D-E99C-4145-B927-CCCFA8942703}.Release|Any CPU.ActiveCfg = Release|Any CPU
		{6B7FC38D-E99C-4145-B927-CCCFA8942703}.Release|Any CPU.Build.0 = Release|Any CPU
	EndGlobalSection
	GlobalSection(SolutionProperties) = preSolution
		HideSolutionNode = FALSE
	EndGlobalSection
	GlobalSection(ExtensibilityGlobals) = postSolution
		SolutionGuid = {1E1E189B-0394-4297-A5AB-28DA1BC0BBBC}
	EndGlobalSection
EndGlobal
